// !$*UTF8*$!
{
	archiveVersion = 1;
	classes = {
	};
	objectVersion = 50;
	objects = {

/* Begin PBXBuildFile section */
		AF3BD55225C1C6C20034830F /* RoundViews.swift in Sources */ = {isa = PBXBuildFile; fileRef = AF3BD55125C1C6C20034830F /* RoundViews.swift */; };
		AF3D17FF25C077E2004920C8 /* Shapes.swift in Sources */ = {isa = PBXBuildFile; fileRef = AF3D17FE25C077E2004920C8 /* Shapes.swift */; };
		AF56ED1625BF1F7D00B4395E /* TextViews.swift in Sources */ = {isa = PBXBuildFile; fileRef = AF56ED1525BF1F7D00B4395E /* TextViews.swift */; };
		AF8EA8CB25B08DD7008815B1 /* Game.swift in Sources */ = {isa = PBXBuildFile; fileRef = AF8EA8CA25B08DD7008815B1 /* Game.swift */; };
		AF8EA8D525B09D70008815B1 /* BullseyeTests.swift in Sources */ = {isa = PBXBuildFile; fileRef = AF8EA8D425B09D70008815B1 /* BullseyeTests.swift */; };
		AFEEFBCA25ADFFBA00B8EA6F /* BullseyeApp.swift in Sources */ = {isa = PBXBuildFile; fileRef = AFEEFBC925ADFFBA00B8EA6F /* BullseyeApp.swift */; };
		AFEEFBCC25ADFFBA00B8EA6F /* ContentView.swift in Sources */ = {isa = PBXBuildFile; fileRef = AFEEFBCB25ADFFBA00B8EA6F /* ContentView.swift */; };
		AFEEFBCE25ADFFBC00B8EA6F /* Assets.xcassets in Resources */ = {isa = PBXBuildFile; fileRef = AFEEFBCD25ADFFBC00B8EA6F /* Assets.xcassets */; };
		AFEEFBD125ADFFBC00B8EA6F /* Preview Assets.xcassets in Resources */ = {isa = PBXBuildFile; fileRef = AFEEFBD025ADFFBC00B8EA6F /* Preview Assets.xcassets */; };
/* End PBXBuildFile section */

/* Begin PBXContainerItemProxy section */
		AF8EA8D725B09D70008815B1 /* PBXContainerItemProxy */ = {
			isa = PBXContainerItemProxy;
			containerPortal = AFEEFBBE25ADFFB900B8EA6F /* Project object */;
			proxyType = 1;
			remoteGlobalIDString = AFEEFBC525ADFFBA00B8EA6F;
			remoteInfo = Bullseye;
		};
/* End PBXContainerItemProxy section */

/* Begin PBXFileReference section */
		AF3BD55125C1C6C20034830F /* RoundViews.swift */ = {isa = PBXFileReference; lastKnownFileType = sourcecode.swift; path = RoundViews.swift; sourceTree = "<group>"; };
		AF3D17FE25C077E2004920C8 /* Shapes.swift */ = {isa = PBXFileReference; lastKnownFileType = sourcecode.swift; path = Shapes.swift; sourceTree = "<group>"; };
		AF56ED1525BF1F7D00B4395E /* TextViews.swift */ = {isa = PBXFileReference; lastKnownFileType = sourcecode.swift; path = TextViews.swift; sourceTree = "<group>"; };
		AF8EA8CA25B08DD7008815B1 /* Game.swift */ = {isa = PBXFileReference; lastKnownFileType = sourcecode.swift; path = Game.swift; sourceTree = "<group>"; };
		AF8EA8D225B09D70008815B1 /* BullseyeTests.xctest */ = {isa = PBXFileReference; explicitFileType = wrapper.cfbundle; includeInIndex = 0; path = BullseyeTests.xctest; sourceTree = BUILT_PRODUCTS_DIR; };
		AF8EA8D425B09D70008815B1 /* BullseyeTests.swift */ = {isa = PBXFileReference; lastKnownFileType = sourcecode.swift; path = BullseyeTests.swift; sourceTree = "<group>"; };
		AF8EA8D625B09D70008815B1 /* Info.plist */ = {isa = PBXFileReference; lastKnownFileType = text.plist.xml; path = Info.plist; sourceTree = "<group>"; };
		AFEEFBC625ADFFBA00B8EA6F /* Bullseye.app */ = {isa = PBXFileReference; explicitFileType = wrapper.application; includeInIndex = 0; path = Bullseye.app; sourceTree = BUILT_PRODUCTS_DIR; };
		AFEEFBC925ADFFBA00B8EA6F /* BullseyeApp.swift */ = {isa = PBXFileReference; lastKnownFileType = sourcecode.swift; path = BullseyeApp.swift; sourceTree = "<group>"; };
		AFEEFBCB25ADFFBA00B8EA6F /* ContentView.swift */ = {isa = PBXFileReference; lastKnownFileType = sourcecode.swift; path = ContentView.swift; sourceTree = "<group>"; };
		AFEEFBCD25ADFFBC00B8EA6F /* Assets.xcassets */ = {isa = PBXFileReference; lastKnownFileType = folder.assetcatalog; path = Assets.xcassets; sourceTree = "<group>"; };
		AFEEFBD025ADFFBC00B8EA6F /* Preview Assets.xcassets */ = {isa = PBXFileReference; lastKnownFileType = folder.assetcatalog; path = "Preview Assets.xcassets"; sourceTree = "<group>"; };
		AFEEFBD225ADFFBC00B8EA6F /* Info.plist */ = {isa = PBXFileReference; lastKnownFileType = text.plist.xml; path = Info.plist; sourceTree = "<group>"; };
/* End PBXFileReference section */

/* Begin PBXFrameworksBuildPhase section */
		AF8EA8CF25B09D70008815B1 /* Frameworks */ = {
			isa = PBXFrameworksBuildPhase;
			buildActionMask = 2147483647;
			files = (
			);
			runOnlyForDeploymentPostprocessing = 0;
		};
		AFEEFBC325ADFFBA00B8EA6F /* Frameworks */ = {
			isa = PBXFrameworksBuildPhase;
			buildActionMask = 2147483647;
			files = (
			);
			runOnlyForDeploymentPostprocessing = 0;
		};
/* End PBXFrameworksBuildPhase section */

/* Begin PBXGroup section */
		AF8EA8C025B08CAF008815B1 /* Views */ = {
			isa = PBXGroup;
			children = (
				AFEEFBCB25ADFFBA00B8EA6F /* ContentView.swift */,
				AF56ED1525BF1F7D00B4395E /* TextViews.swift */,
				AF3D17FE25C077E2004920C8 /* Shapes.swift */,
				AF3BD55125C1C6C20034830F /* RoundViews.swift */,
			);
			path = Views;
			sourceTree = "<group>";
		};
		AF8EA8C625B08D1F008815B1 /* App */ = {
			isa = PBXGroup;
			children = (
				AFEEFBC925ADFFBA00B8EA6F /* BullseyeApp.swift */,
				AFEEFBCD25ADFFBC00B8EA6F /* Assets.xcassets */,
				AFEEFBD225ADFFBC00B8EA6F /* Info.plist */,
			);
			path = App;
			sourceTree = "<group>";
		};
		AF8EA8C925B08DB7008815B1 /* Models */ = {
			isa = PBXGroup;
			children = (
				AF8EA8CA25B08DD7008815B1 /* Game.swift */,
			);
			path = Models;
			sourceTree = "<group>";
		};
		AF8EA8D325B09D70008815B1 /* BullseyeTests */ = {
			isa = PBXGroup;
			children = (
				AF8EA8D425B09D70008815B1 /* BullseyeTests.swift */,
				AF8EA8D625B09D70008815B1 /* Info.plist */,
			);
			path = BullseyeTests;
			sourceTree = "<group>";
		};
		AFEEFBBD25ADFFB900B8EA6F = {
			isa = PBXGroup;
			children = (
				AFEEFBC825ADFFBA00B8EA6F /* Bullseye */,
				AF8EA8D325B09D70008815B1 /* BullseyeTests */,
				AFEEFBC725ADFFBA00B8EA6F /* Products */,
			);
			sourceTree = "<group>";
		};
		AFEEFBC725ADFFBA00B8EA6F /* Products */ = {
			isa = PBXGroup;
			children = (
				AFEEFBC625ADFFBA00B8EA6F /* Bullseye.app */,
				AF8EA8D225B09D70008815B1 /* BullseyeTests.xctest */,
			);
			name = Products;
			sourceTree = "<group>";
		};
		AFEEFBC825ADFFBA00B8EA6F /* Bullseye */ = {
			isa = PBXGroup;
			children = (
				AF8EA8C625B08D1F008815B1 /* App */,
				AF8EA8C025B08CAF008815B1 /* Views */,
				AF8EA8C925B08DB7008815B1 /* Models */,
				AFEEFBCF25ADFFBC00B8EA6F /* Preview Content */,
			);
			path = Bullseye;
			sourceTree = "<group>";
		};
		AFEEFBCF25ADFFBC00B8EA6F /* Preview Content */ = {
			isa = PBXGroup;
			children = (
				AFEEFBD025ADFFBC00B8EA6F /* Preview Assets.xcassets */,
			);
			path = "Preview Content";
			sourceTree = "<group>";
		};
/* End PBXGroup section */

/* Begin PBXNativeTarget section */
		AF8EA8D125B09D70008815B1 /* BullseyeTests */ = {
			isa = PBXNativeTarget;
			buildConfigurationList = AF8EA8D925B09D70008815B1 /* Build configuration list for PBXNativeTarget "BullseyeTests" */;
			buildPhases = (
				AF8EA8CE25B09D70008815B1 /* Sources */,
				AF8EA8CF25B09D70008815B1 /* Frameworks */,
				AF8EA8D025B09D70008815B1 /* Resources */,
			);
			buildRules = (
			);
			dependencies = (
				AF8EA8D825B09D70008815B1 /* PBXTargetDependency */,
			);
			name = BullseyeTests;
			productName = BullseyeTests;
			productReference = AF8EA8D225B09D70008815B1 /* BullseyeTests.xctest */;
			productType = "com.apple.product-type.bundle.unit-test";
		};
		AFEEFBC525ADFFBA00B8EA6F /* Bullseye */ = {
			isa = PBXNativeTarget;
			buildConfigurationList = AFEEFBD525ADFFBC00B8EA6F /* Build configuration list for PBXNativeTarget "Bullseye" */;
			buildPhases = (
				AFEEFBC225ADFFBA00B8EA6F /* Sources */,
				AFEEFBC325ADFFBA00B8EA6F /* Frameworks */,
				AFEEFBC425ADFFBA00B8EA6F /* Resources */,
			);
			buildRules = (
			);
			dependencies = (
			);
			name = Bullseye;
			productName = Bullseye;
			productReference = AFEEFBC625ADFFBA00B8EA6F /* Bullseye.app */;
			productType = "com.apple.product-type.application";
		};
/* End PBXNativeTarget section */

/* Begin PBXProject section */
		AFEEFBBE25ADFFB900B8EA6F /* Project object */ = {
			isa = PBXProject;
			attributes = {
				LastSwiftUpdateCheck = 1230;
				LastUpgradeCheck = 1220;
				TargetAttributes = {
					AF8EA8D125B09D70008815B1 = {
						CreatedOnToolsVersion = 12.3;
						TestTargetID = AFEEFBC525ADFFBA00B8EA6F;
					};
					AFEEFBC525ADFFBA00B8EA6F = {
						CreatedOnToolsVersion = 12.2;
					};
				};
			};
			buildConfigurationList = AFEEFBC125ADFFB900B8EA6F /* Build configuration list for PBXProject "Bullseye" */;
			compatibilityVersion = "Xcode 9.3";
			developmentRegion = en;
			hasScannedForEncodings = 0;
			knownRegions = (
				en,
				Base,
			);
			mainGroup = AFEEFBBD25ADFFB900B8EA6F;
			productRefGroup = AFEEFBC725ADFFBA00B8EA6F /* Products */;
			projectDirPath = "";
			projectRoot = "";
			targets = (
				AFEEFBC525ADFFBA00B8EA6F /* Bullseye */,
				AF8EA8D125B09D70008815B1 /* BullseyeTests */,
			);
		};
/* End PBXProject section */

/* Begin PBXResourcesBuildPhase section */
		AF8EA8D025B09D70008815B1 /* Resources */ = {
			isa = PBXResourcesBuildPhase;
			buildActionMask = 2147483647;
			files = (
			);
			runOnlyForDeploymentPostprocessing = 0;
		};
		AFEEFBC425ADFFBA00B8EA6F /* Resources */ = {
			isa = PBXResourcesBuildPhase;
			buildActionMask = 2147483647;
			files = (
				AFEEFBD125ADFFBC00B8EA6F /* Preview Assets.xcassets in Resources */,
				AFEEFBCE25ADFFBC00B8EA6F /* Assets.xcassets in Resources */,
			);
			runOnlyForDeploymentPostprocessing = 0;
		};
/* End PBXResourcesBuildPhase section */

/* Begin PBXSourcesBuildPhase section */
		AF8EA8CE25B09D70008815B1 /* Sources */ = {
			isa = PBXSourcesBuildPhase;
			buildActionMask = 2147483647;
			files = (
				AF8EA8D525B09D70008815B1 /* BullseyeTests.swift in Sources */,
			);
			runOnlyForDeploymentPostprocessing = 0;
		};
		AFEEFBC225ADFFBA00B8EA6F /* Sources */ = {
			isa = PBXSourcesBuildPhase;
			buildActionMask = 2147483647;
			files = (
				AFEEFBCC25ADFFBA00B8EA6F /* ContentView.swift in Sources */,
				AF56ED1625BF1F7D00B4395E /* TextViews.swift in Sources */,
				AF3D17FF25C077E2004920C8 /* Shapes.swift in Sources */,
				AF8EA8CB25B08DD7008815B1 /* Game.swift in Sources */,
				AFEEFBCA25ADFFBA00B8EA6F /* BullseyeApp.swift in Sources */,
				AF3BD55225C1C6C20034830F /* RoundViews.swift in Sources */,
			);
			runOnlyForDeploymentPostprocessing = 0;
		};
/* End PBXSourcesBuildPhase section */

/* Begin PBXTargetDependency section */
		AF8EA8D825B09D70008815B1 /* PBXTargetDependency */ = {
			isa = PBXTargetDependency;
			target = AFEEFBC525ADFFBA00B8EA6F /* Bullseye */;
			targetProxy = AF8EA8D725B09D70008815B1 /* PBXContainerItemProxy */;
		};
/* End PBXTargetDependency section */

/* Begin XCBuildConfiguration section */
		AF8EA8DA25B09D70008815B1 /* Debug */ = {
			isa = XCBuildConfiguration;
			buildSettings = {
				BUNDLE_LOADER = "$(TEST_HOST)";
				CODE_SIGN_STYLE = Automatic;
				INFOPLIST_FILE = BullseyeTests/Info.plist;
				IPHONEOS_DEPLOYMENT_TARGET = 14.3;
				LD_RUNPATH_SEARCH_PATHS = (
					"$(inherited)",
					"@executable_path/Frameworks",
					"@loader_path/Frameworks",
				);
				PRODUCT_BUNDLE_IDENTIFIER = com.rafael.BullseyeTests;
				PRODUCT_NAME = "$(TARGET_NAME)";
				SWIFT_VERSION = 5.0;
				TARGETED_DEVICE_FAMILY = "1,2";
				TEST_HOST = "$(BUILT_PRODUCTS_DIR)/Bullseye.app/Bullseye";
			};
			name = Debug;
		};
		AF8EA8DB25B09D70008815B1 /* Release */ = {
			isa = XCBuildConfiguration;
			buildSettings = {
				BUNDLE_LOADER = "$(TEST_HOST)";
				CODE_SIGN_STYLE = Automatic;
				INFOPLIST_FILE = BullseyeTests/Info.plist;
				IPHONEOS_DEPLOYMENT_TARGET = 14.3;
				LD_RUNPATH_SEARCH_PATHS = (
					"$(inherited)",
					"@executable_path/Frameworks",
					"@loader_path/Frameworks",
				);
				PRODUCT_BUNDLE_IDENTIFIER = com.rafael.BullseyeTests;
				PRODUCT_NAME = "$(TARGET_NAME)";
				SWIFT_VERSION = 5.0;
				TARGETED_DEVICE_FAMILY = "1,2";
				TEST_HOST = "$(BUILT_PRODUCTS_DIR)/Bullseye.app/Bullseye";
			};
			name = Release;
		};
		AFEEFBD325ADFFBC00B8EA6F /* Debug */ = {
			isa = XCBuildConfiguration;
			buildSettings = {
				ALWAYS_SEARCH_USER_PATHS = NO;
				CLANG_ANALYZER_NONNULL = YES;
				CLANG_ANALYZER_NUMBER_OBJECT_CONVERSION = YES_AGGRESSIVE;
				CLANG_CXX_LANGUAGE_STANDARD = "gnu++14";
				CLANG_CXX_LIBRARY = "libc++";
				CLANG_ENABLE_MODULES = YES;
				CLANG_ENABLE_OBJC_ARC = YES;
				CLANG_ENABLE_OBJC_WEAK = YES;
				CLANG_WARN_BLOCK_CAPTURE_AUTORELEASING = YES;
				CLANG_WARN_BOOL_CONVERSION = YES;
				CLANG_WARN_COMMA = YES;
				CLANG_WARN_CONSTANT_CONVERSION = YES;
				CLANG_WARN_DEPRECATED_OBJC_IMPLEMENTATIONS = YES;
				CLANG_WARN_DIRECT_OBJC_ISA_USAGE = YES_ERROR;
				CLANG_WARN_DOCUMENTATION_COMMENTS = YES;
				CLANG_WARN_EMPTY_BODY = YES;
				CLANG_WARN_ENUM_CONVERSION = YES;
				CLANG_WARN_INFINITE_RECURSION = YES;
				CLANG_WARN_INT_CONVERSION = YES;
				CLANG_WARN_NON_LITERAL_NULL_CONVERSION = YES;
				CLANG_WARN_OBJC_IMPLICIT_RETAIN_SELF = YES;
				CLANG_WARN_OBJC_LITERAL_CONVERSION = YES;
				CLANG_WARN_OBJC_ROOT_CLASS = YES_ERROR;
				CLANG_WARN_QUOTED_INCLUDE_IN_FRAMEWORK_HEADER = YES;
				CLANG_WARN_RANGE_LOOP_ANALYSIS = YES;
				CLANG_WARN_STRICT_PROTOTYPES = YES;
				CLANG_WARN_SUSPICIOUS_MOVE = YES;
				CLANG_WARN_UNGUARDED_AVAILABILITY = YES_AGGRESSIVE;
				CLANG_WARN_UNREACHABLE_CODE = YES;
				CLANG_WARN__DUPLICATE_METHOD_MATCH = YES;
				COPY_PHASE_STRIP = NO;
				DEBUG_INFORMATION_FORMAT = dwarf;
				ENABLE_STRICT_OBJC_MSGSEND = YES;
				ENABLE_TESTABILITY = YES;
				GCC_C_LANGUAGE_STANDARD = gnu11;
				GCC_DYNAMIC_NO_PIC = NO;
				GCC_NO_COMMON_BLOCKS = YES;
				GCC_OPTIMIZATION_LEVEL = 0;
				GCC_PREPROCESSOR_DEFINITIONS = (
					"DEBUG=1",
					"$(inherited)",
				);
				GCC_WARN_64_TO_32_BIT_CONVERSION = YES;
				GCC_WARN_ABOUT_RETURN_TYPE = YES_ERROR;
				GCC_WARN_UNDECLARED_SELECTOR = YES;
				GCC_WARN_UNINITIALIZED_AUTOS = YES_AGGRESSIVE;
				GCC_WARN_UNUSED_FUNCTION = YES;
				GCC_WARN_UNUSED_VARIABLE = YES;
				IPHONEOS_DEPLOYMENT_TARGET = 14.2;
				MTL_ENABLE_DEBUG_INFO = INCLUDE_SOURCE;
				MTL_FAST_MATH = YES;
				ONLY_ACTIVE_ARCH = YES;
				SDKROOT = iphoneos;
				SWIFT_ACTIVE_COMPILATION_CONDITIONS = DEBUG;
				SWIFT_OPTIMIZATION_LEVEL = "-Onone";
			};
			name = Debug;
		};
		AFEEFBD425ADFFBC00B8EA6F /* Release */ = {
			isa = XCBuildConfiguration;
			buildSettings = {
				ALWAYS_SEARCH_USER_PATHS = NO;
				CLANG_ANALYZER_NONNULL = YES;
				CLANG_ANALYZER_NUMBER_OBJECT_CONVERSION = YES_AGGRESSIVE;
				CLANG_CXX_LANGUAGE_STANDARD = "gnu++14";
				CLANG_CXX_LIBRARY = "libc++";
				CLANG_ENABLE_MODULES = YES;
				CLANG_ENABLE_OBJC_ARC = YES;
				CLANG_ENABLE_OBJC_WEAK = YES;
				CLANG_WARN_BLOCK_CAPTURE_AUTORELEASING = YES;
				CLANG_WARN_BOOL_CONVERSION = YES;
				CLANG_WARN_COMMA = YES;
				CLANG_WARN_CONSTANT_CONVERSION = YES;
				CLANG_WARN_DEPRECATED_OBJC_IMPLEMENTATIONS = YES;
				CLANG_WARN_DIRECT_OBJC_ISA_USAGE = YES_ERROR;
				CLANG_WARN_DOCUMENTATION_COMMENTS = YES;
				CLANG_WARN_EMPTY_BODY = YES;
				CLANG_WARN_ENUM_CONVERSION = YES;
				CLANG_WARN_INFINITE_RECURSION = YES;
				CLANG_WARN_INT_CONVERSION = YES;
				CLANG_WARN_NON_LITERAL_NULL_CONVERSION = YES;
				CLANG_WARN_OBJC_IMPLICIT_RETAIN_SELF = YES;
				CLANG_WARN_OBJC_LITERAL_CONVERSION = YES;
				CLANG_WARN_OBJC_ROOT_CLASS = YES_ERROR;
				CLANG_WARN_QUOTED_INCLUDE_IN_FRAMEWORK_HEADER = YES;
				CLANG_WARN_RANGE_LOOP_ANALYSIS = YES;
				CLANG_WARN_STRICT_PROTOTYPES = YES;
				CLANG_WARN_SUSPICIOUS_MOVE = YES;
				CLANG_WARN_UNGUARDED_AVAILABILITY = YES_AGGRESSIVE;
				CLANG_WARN_UNREACHABLE_CODE = YES;
				CLANG_WARN__DUPLICATE_METHOD_MATCH = YES;
				COPY_PHASE_STRIP = NO;
				DEBUG_INFORMATION_FORMAT = "dwarf-with-dsym";
				ENABLE_NS_ASSERTIONS = NO;
				ENABLE_STRICT_OBJC_MSGSEND = YES;
				GCC_C_LANGUAGE_STANDARD = gnu11;
				GCC_NO_COMMON_BLOCKS = YES;
				GCC_WARN_64_TO_32_BIT_CONVERSION = YES;
				GCC_WARN_ABOUT_RETURN_TYPE = YES_ERROR;
				GCC_WARN_UNDECLARED_SELECTOR = YES;
				GCC_WARN_UNINITIALIZED_AUTOS = YES_AGGRESSIVE;
				GCC_WARN_UNUSED_FUNCTION = YES;
				GCC_WARN_UNUSED_VARIABLE = YES;
				IPHONEOS_DEPLOYMENT_TARGET = 14.2;
				MTL_ENABLE_DEBUG_INFO = NO;
				MTL_FAST_MATH = YES;
				SDKROOT = iphoneos;
				SWIFT_COMPILATION_MODE = wholemodule;
				SWIFT_OPTIMIZATION_LEVEL = "-O";
				VALIDATE_PRODUCT = YES;
			};
			name = Release;
		};
		AFEEFBD625ADFFBC00B8EA6F /* Debug */ = {
			isa = XCBuildConfiguration;
			buildSettings = {
				ASSETCATALOG_COMPILER_APPICON_NAME = AppIcon;
				ASSETCATALOG_COMPILER_GLOBAL_ACCENT_COLOR_NAME = AccentColor;
				CODE_SIGN_STYLE = Automatic;
				DEVELOPMENT_ASSET_PATHS = "\"Bullseye/Preview Content\"";
				ENABLE_PREVIEWS = YES;
				INFOPLIST_FILE = Bullseye/App/info.plist;
				IPHONEOS_DEPLOYMENT_TARGET = 14.0;
				LD_RUNPATH_SEARCH_PATHS = (
					"$(inherited)",
					"@executable_path/Frameworks",
				);
				PRODUCT_BUNDLE_IDENTIFIER = com.rafael.Bullseye;
				PRODUCT_NAME = "$(TARGET_NAME)";
				SWIFT_VERSION = 5.0;
				TARGETED_DEVICE_FAMILY = "1,2";
			};
			name = Debug;
		};
		AFEEFBD725ADFFBC00B8EA6F /* Release */ = {
			isa = XCBuildConfiguration;
			buildSettings = {
				ASSETCATALOG_COMPILER_APPICON_NAME = AppIcon;
				ASSETCATALOG_COMPILER_GLOBAL_ACCENT_COLOR_NAME = AccentColor;
				CODE_SIGN_STYLE = Automatic;
				DEVELOPMENT_ASSET_PATHS = "\"Bullseye/Preview Content\"";
				ENABLE_PREVIEWS = YES;
				INFOPLIST_FILE = Bullseye/App/info.plist;
				IPHONEOS_DEPLOYMENT_TARGET = 14.0;
				LD_RUNPATH_SEARCH_PATHS = (
					"$(inherited)",
					"@executable_path/Frameworks",
				);
				PRODUCT_BUNDLE_IDENTIFIER = com.rafael.Bullseye;
				PRODUCT_NAME = "$(TARGET_NAME)";
				SWIFT_VERSION = 5.0;
				TARGETED_DEVICE_FAMILY = "1,2";
			};
			name = Release;
		};
/* End XCBuildConfiguration section */

/* Begin XCConfigurationList section */
		AF8EA8D925B09D70008815B1 /* Build configuration list for PBXNativeTarget "BullseyeTests" */ = {
			isa = XCConfigurationList;
			buildConfigurations = (
				AF8EA8DA25B09D70008815B1 /* Debug */,
				AF8EA8DB25B09D70008815B1 /* Release */,
			);
			defaultConfigurationIsVisible = 0;
			defaultConfigurationName = Release;
		};
		AFEEFBC125ADFFB900B8EA6F /* Build configuration list for PBXProject "Bullseye" */ = {
			isa = XCConfigurationList;
			buildConfigurations = (
				AFEEFBD325ADFFBC00B8EA6F /* Debug */,
				AFEEFBD425ADFFBC00B8EA6F /* Release */,
			);
			defaultConfigurationIsVisible = 0;
			defaultConfigurationName = Release;
		};
		AFEEFBD525ADFFBC00B8EA6F /* Build configuration list for PBXNativeTarget "Bullseye" */ = {
			isa = XCConfigurationList;
			buildConfigurations = (
				AFEEFBD625ADFFBC00B8EA6F /* Debug */,
				AFEEFBD725ADFFBC00B8EA6F /* Release */,
			);
			defaultConfigurationIsVisible = 0;
			defaultConfigurationName = Release;
		};
/* End XCConfigurationList section */
	};
	rootObject = AFEEFBBE25ADFFB900B8EA6F /* Project object */;
}
